
Microsoft Visual Studio Solution File, Format Version 12.00
# Visual Studio Version 16
VisualStudioVersion = 16.0.29911.84
MinimumVisualStudioVersion = 10.0.40219.1
Project("{FAE04EC0-301F-11D3-BF4B-00C04F79EFBC}") = "TP_01_Module_05", "TP_01_Module_05\TP_01_Module_05.csproj", "{5AFB33B0-BCCB-44F3-B44A-5923B5FC0C4E}"
EndProject
Global
	GlobalSection(SolutionConfigurationPlatforms) = preSolution
		Debug|Any CPU = Debug|Any CPU
		Release|Any CPU = Release|Any CPU
	EndGlobalSection
	GlobalSection(ProjectConfigurationPlatforms) = postSolution
		{5AFB33B0-BCCB-44F3-B44A-5923B5FC0C4E}.Debug|Any CPU.ActiveCfg = Debug|Any CPU
		{5AFB33B0-BCCB-44F3-B44A-5923B5FC0C4E}.Debug|Any CPU.Build.0 = Debug|Any CPU
		{5AFB33B0-BCCB-44F3-B44A-5923B5FC0C4E}.Release|Any CPU.ActiveCfg = Release|Any CPU
		{5AFB33B0-BCCB-44F3-B44A-5923B5FC0C4E}.Release|Any CPU.Build.0 = Release|Any CPU
	EndGlobalSection
	GlobalSection(SolutionProperties) = preSolution
		HideSolutionNode = FALSE
	EndGlobalSection
	GlobalSection(ExtensibilityGlobals) = postSolution
		SolutionGuid = {A84ED572-4B52-4358-8C23-6295ECF79B83}
	EndGlobalSection
EndGlobal
